{
  "name": "symptomcalm",
  "version": "1.0.0",
  "lockfileVersion": 3,
  "requires": true,
  "private": true,
  "type": "module",
  "packages": {
    "": {
      "name": "symptomcalm",
      "version": "1.0.0"
    }
  },
  "scripts": {
    "build": "astro build",
    "dev": "astro dev",
    "preview": "astro preview"
  }
}
